
Microsoft Visual Studio Solution File, Format Version 12.00
# Visual Studio 15
VisualStudioVersion = 15.0.28307.1267
MinimumVisualStudioVersion = 10.0.40219.1
Project("{FAE04EC0-301F-11D3-BF4B-00C04F79EFBC}") = "WpfApp1", "WpfApp1.csproj", "{9B78940D-C66F-4361-8585-1979D8565D1C}"
EndProject
Global
	GlobalSection(SolutionConfigurationPlatforms) = preSolution
		Debug|Any CPU = Debug|Any CPU
		Release|Any CPU = Release|Any CPU
	EndGlobalSection
	GlobalSection(ProjectConfigurationPlatforms) = postSolution
		{9B78940D-C66F-4361-8585-1979D8565D1C}.Debug|Any CPU.ActiveCfg = Debug|Any CPU
		{9B78940D-C66F-4361-8585-1979D8565D1C}.Debug|Any CPU.Build.0 = Debug|Any CPU
		{9B78940D-C66F-4361-8585-1979D8565D1C}.Release|Any CPU.ActiveCfg = Release|Any CPU
		{9B78940D-C66F-4361-8585-1979D8565D1C}.Release|Any CPU.Build.0 = Release|Any CPU
	EndGlobalSection
	GlobalSection(SolutionProperties) = preSolution
		HideSolutionNode = FALSE
	EndGlobalSection
	GlobalSection(ExtensibilityGlobals) = postSolution
		SolutionGuid = {52B45922-8C93-4F2F-AD47-AE57031FB8F1}
	EndGlobalSection
EndGlobal
